version: 6
environments:
  default:
    channels:
    - url: https://conda.anaconda.org/conda-forge/
    indexes:
    - https://pypi.org/simple
    packages:
      linux-64:
      - conda: https://conda.anaconda.org/conda-forge/linux-64/_libgcc_mutex-0.1-conda_forge.tar.bz2
      - conda: https://conda.anaconda.org/conda-forge/linux-64/_openmp_mutex-4.5-2_gnu.tar.bz2
      - conda: https://conda.anaconda.org/conda-forge/linux-64/brotli-python-1.1.0-py313h46c70d0_3.conda
      - conda: https://conda.anaconda.org/conda-forge/linux-64/bzip2-1.0.8-h4bc722e_7.conda
      - conda: https://conda.anaconda.org/conda-forge/noarch/ca-certificates-2025.8.3-hbd8a1cb_0.conda
      - conda: https://conda.anaconda.org/conda-forge/noarch/certifi-2025.7.14-pyhd8ed1ab_0.conda
      - conda: https://conda.anaconda.org/conda-forge/linux-64/cffi-1.17.1-py313hfab6e84_0.conda
      - conda: https://conda.anaconda.org/conda-forge/noarch/charset-normalizer-3.4.2-pyhd8ed1ab_0.conda
      - conda: https://conda.anaconda.org/conda-forge/noarch/click-8.2.2-pyh707e725_0.conda
      - conda: https://conda.anaconda.org/conda-forge/noarch/h2-4.2.0-pyhd8ed1ab_0.conda
      - conda: https://conda.anaconda.org/conda-forge/noarch/hpack-4.1.0-pyhd8ed1ab_0.conda
      - conda: https://conda.anaconda.org/conda-forge/noarch/hyperframe-6.1.0-pyhd8ed1ab_0.conda
      - conda: https://conda.anaconda.org/conda-forge/noarch/idna-3.10-pyhd8ed1ab_1.conda
      - conda: https://conda.anaconda.org/conda-forge/noarch/jinja2-3.1.6-pyhd8ed1ab_0.conda
      - conda: https://conda.anaconda.org/conda-forge/linux-64/ld_impl_linux-64-2.44-h1423503_1.conda
      - conda: https://conda.anaconda.org/conda-forge/linux-64/libblas-3.9.0-32_h59b9bed_openblas.conda
      - conda: https://conda.anaconda.org/conda-forge/linux-64/libcblas-3.9.0-32_he106b2a_openblas.conda
      - conda: https://conda.anaconda.org/conda-forge/linux-64/libexpat-2.7.1-hecca717_0.conda
      - conda: https://conda.anaconda.org/conda-forge/linux-64/libffi-3.4.6-h2dba641_1.conda
      - conda: https://conda.anaconda.org/conda-forge/linux-64/libgcc-15.1.0-h767d61c_4.conda
      - conda: https://conda.anaconda.org/conda-forge/linux-64/libgcc-ng-15.1.0-h69a702a_4.conda
      - conda: https://conda.anaconda.org/conda-forge/linux-64/libgfortran-15.1.0-h69a702a_4.conda
      - conda: https://conda.anaconda.org/conda-forge/linux-64/libgfortran5-15.1.0-hcea5267_4.conda
      - conda: https://conda.anaconda.org/conda-forge/linux-64/libgomp-15.1.0-h767d61c_4.conda
      - conda: https://conda.anaconda.org/conda-forge/linux-64/liblapack-3.9.0-32_h7ac8fdf_openblas.conda
      - conda: https://conda.anaconda.org/conda-forge/linux-64/liblzma-5.8.1-hb9d3cd8_2.conda
      - conda: https://conda.anaconda.org/conda-forge/linux-64/libmpdec-4.0.0-hb9d3cd8_0.conda
      - conda: https://conda.anaconda.org/conda-forge/linux-64/libopenblas-0.3.30-pthreads_h94d23a6_1.conda
      - conda: https://conda.anaconda.org/conda-forge/linux-64/libsqlite-3.50.4-h0c1763c_0.conda
      - conda: https://conda.anaconda.org/conda-forge/linux-64/libstdcxx-15.1.0-h8f9b012_4.conda
      - conda: https://conda.anaconda.org/conda-forge/linux-64/libuuid-2.38.1-h0b41bf4_0.conda
      - conda: https://conda.anaconda.org/conda-forge/linux-64/libzlib-1.3.1-hb9d3cd8_2.conda
      - conda: https://conda.anaconda.org/conda-forge/linux-64/markupsafe-3.0.2-py313h8060acc_1.conda
      - conda: https://conda.anaconda.org/conda-forge/linux-64/ncurses-6.5-h2d0b736_3.conda
      - conda: https://conda.anaconda.org/conda-forge/linux-64/numpy-2.3.2-py313hf6604e3_0.conda
      - conda: https://conda.anaconda.org/conda-forge/linux-64/openssl-3.5.1-h7b32b05_0.conda
      - conda: https://conda.anaconda.org/conda-forge/linux-64/pandas-2.3.1-py313h08cd8bf_0.conda
      - conda: https://conda.anaconda.org/conda-forge/noarch/pip-25.2-pyh145f28c_0.conda
      - conda: https://conda.anaconda.org/conda-forge/noarch/pycparser-2.22-pyh29332c3_1.conda
      - conda: https://conda.anaconda.org/conda-forge/noarch/pysocks-1.7.1-pyha55dd90_7.conda
      - conda: https://conda.anaconda.org/conda-forge/linux-64/python-3.13.5-hec9711d_102_cp313.conda
      - conda: https://conda.anaconda.org/conda-forge/noarch/python-dateutil-2.9.0.post0-pyhe01879c_2.conda
      - conda: https://conda.anaconda.org/conda-forge/noarch/python-dotenv-1.1.1-pyhe01879c_0.conda
      - conda: https://conda.anaconda.org/conda-forge/noarch/python-tzdata-2025.2-pyhd8ed1ab_0.conda
      - conda: https://conda.anaconda.org/conda-forge/noarch/python_abi-3.13-8_cp313.conda
      - conda: https://conda.anaconda.org/conda-forge/noarch/pytz-2025.2-pyhd8ed1ab_0.conda
      - conda: https://conda.anaconda.org/conda-forge/linux-64/pyyaml-6.0.2-py313h8060acc_2.conda
      - conda: https://conda.anaconda.org/conda-forge/linux-64/readline-8.2-h8c095d6_2.conda
      - conda: https://conda.anaconda.org/conda-forge/noarch/requests-2.32.4-pyhd8ed1ab_0.conda
      - conda: https://conda.anaconda.org/conda-forge/noarch/six-1.17.0-pyhe01879c_1.conda
      - conda: https://conda.anaconda.org/conda-forge/linux-64/tk-8.6.13-noxft_hd72426e_102.conda
      - conda: https://conda.anaconda.org/conda-forge/noarch/toml-0.10.2-pyhd8ed1ab_1.conda
      - conda: https://conda.anaconda.org/conda-forge/noarch/tzdata-2025b-h78e105d_0.conda
      - conda: https://conda.anaconda.org/conda-forge/noarch/urllib3-2.5.0-pyhd8ed1ab_0.conda
      - conda: https://conda.anaconda.org/conda-forge/linux-64/yaml-0.2.5-h280c20c_3.conda
      - conda: https://conda.anaconda.org/conda-forge/linux-64/zstandard-0.23.0-py313h536fd9c_2.conda
      - pypi: https://files.pythonhosted.org/packages/2d/6a/885bc91484e1aa8f618f6f0228d76d0e67000b0fdd6090673b777e311913/asciitree-0.3.3.tar.gz
      - pypi: https://files.pythonhosted.org/packages/eb/8d/776adee7bbf76365fdd7f2552710282c79a4ead5d2a46408c9043a2b70ba/networkx-3.5-py3-none-any.whl
      - pypi: https://files.pythonhosted.org/packages/08/db/b420983dc78d6cf169be81ac5ba73b868c45c50fe746a3242da99bcef4a2/neuprint_python-0.5.1-py2.py3-none-any.whl
      - pypi: https://files.pythonhosted.org/packages/e4/82/08e4076df538fb56caa1d489588d880ec7c52d8273a606bb54d660528f7c/scipy-1.16.1-cp313-cp313-manylinux2014_x86_64.manylinux_2_17_x86_64.whl
      - pypi: https://files.pythonhosted.org/packages/d0/30/dc54f88dd4a2b5dc8a0279bdd7270e735851848b762aeb1c1184ed1f6b14/tqdm-4.67.1-py3-none-any.whl
      - pypi: https://files.pythonhosted.org/packages/b4/9d/8061934f960cdb6dd55f0b3ceeff207fcc48c64f58b43403777ad5623d9e/ujson-5.10.0-cp313-cp313-manylinux_2_17_x86_64.manylinux2014_x86_64.whl
      - pypi: ./
packages:
- conda: https://conda.anaconda.org/conda-forge/linux-64/_libgcc_mutex-0.1-conda_forge.tar.bz2
  sha256: fe51de6107f9edc7aa4f786a70f4a883943bc9d39b3bb7307c04c41410990726
  md5: d7c89558ba9fa0495403155b64376d81
  license: None
  purls: []
  size: 2562
  timestamp: 1578324546067
- conda: https://conda.anaconda.org/conda-forge/linux-64/_openmp_mutex-4.5-2_gnu.tar.bz2
  build_number: 16
  sha256: fbe2c5e56a653bebb982eda4876a9178aedfc2b545f25d0ce9c4c0b508253d22
  md5: 73aaf86a425cc6e73fcf236a5a46396d
  depends:
  - _libgcc_mutex 0.1 conda_forge
  - libgomp >=7.5.0
  constrains:
  - openmp_impl 9999
  license: BSD-3-Clause
  license_family: BSD
  purls: []
  size: 23621
  timestamp: 1650670423406
- pypi: https://files.pythonhosted.org/packages/2d/6a/885bc91484e1aa8f618f6f0228d76d0e67000b0fdd6090673b777e311913/asciitree-0.3.3.tar.gz
  name: asciitree
  version: 0.3.3
  sha256: 4aa4b9b649f85e3fcb343363d97564aa1fb62e249677f2e18a96765145cc0f6e
- conda: https://conda.anaconda.org/conda-forge/linux-64/brotli-python-1.1.0-py313h46c70d0_3.conda
  sha256: e510ad1db7ea882505712e815ff02514490560fd74b5ec3a45a6c7cf438f754d
  md5: 2babfedd9588ad40c7113ddfe6a5ca82
  depends:
  - __glibc >=2.17,<3.0.a0
  - libgcc >=13
  - libstdcxx >=13
  - python >=3.13,<3.14.0a0
  - python_abi 3.13.* *_cp313
  constrains:
  - libbrotlicommon 1.1.0 hb9d3cd8_3
  license: MIT
  license_family: MIT
  purls:
  - pkg:pypi/brotli?source=hash-mapping
  size: 350295
  timestamp: 1749230225293
- conda: https://conda.anaconda.org/conda-forge/linux-64/bzip2-1.0.8-h4bc722e_7.conda
  sha256: 5ced96500d945fb286c9c838e54fa759aa04a7129c59800f0846b4335cee770d
  md5: 62ee74e96c5ebb0af99386de58cf9553
  depends:
  - __glibc >=2.17,<3.0.a0
  - libgcc-ng >=12
  license: bzip2-1.0.6
  license_family: BSD
  purls: []
  size: 252783
  timestamp: 1720974456583
- conda: https://conda.anaconda.org/conda-forge/noarch/ca-certificates-2025.8.3-hbd8a1cb_0.conda
  sha256: 837b795a2bb39b75694ba910c13c15fa4998d4bb2a622c214a6a5174b2ae53d1
  md5: 74784ee3d225fc3dca89edb635b4e5cc
  depends:
  - __unix
  license: ISC
  purls: []
  size: 154402
  timestamp: 1754210968730
- conda: https://conda.anaconda.org/conda-forge/noarch/certifi-2025.7.14-pyhd8ed1ab_0.conda
  sha256: f68ee5038f37620a4fb4cdd8329c9897dce80331db8c94c3ab264a26a8c70a08
  md5: 4c07624f3faefd0bb6659fb7396cfa76
  depends:
  - python >=3.9
  license: ISC
  purls:
  - pkg:pypi/certifi?source=compressed-mapping
  size: 159755
  timestamp: 1752493370797
- conda: https://conda.anaconda.org/conda-forge/linux-64/cffi-1.17.1-py313hfab6e84_0.conda
  sha256: 73cd6199b143a8a6cbf733ce124ed57defc1b9a7eab9b10fd437448caf8eaa45
  md5: ce6386a5892ef686d6d680c345c40ad1
  depends:
  - __glibc >=2.17,<3.0.a0
  - libffi >=3.4,<4.0a0
  - libgcc >=13
  - pycparser
  - python >=3.13.0rc1,<3.14.0a0
  - python_abi 3.13.* *_cp313
  license: MIT
  license_family: MIT
  purls:
  - pkg:pypi/cffi?source=hash-mapping
  size: 295514
  timestamp: 1725560706794
- conda: https://conda.anaconda.org/conda-forge/noarch/charset-normalizer-3.4.2-pyhd8ed1ab_0.conda
  sha256: 535ae5dcda8022e31c6dc063eb344c80804c537a5a04afba43a845fa6fa130f5
  md5: 40fe4284b8b5835a9073a645139f35af
  depends:
  - python >=3.9
  license: MIT
  license_family: MIT
  purls:
  - pkg:pypi/charset-normalizer?source=hash-mapping
  size: 50481
  timestamp: 1746214981991
- conda: https://conda.anaconda.org/conda-forge/noarch/click-8.2.2-pyh707e725_0.conda
  sha256: cc39c9ce0a0c17a9b841099bc457fba8237bb91d815a72ada63f296f2db47e78
  md5: 2cc16494e4ce28efc52fb29ec3c348a1
  depends:
  - __unix
  - python >=3.10
  license: BSD-3-Clause
  license_family: BSD
  purls:
  - pkg:pypi/click?source=compressed-mapping
  size: 89090
  timestamp: 1754202678720
- conda: https://conda.anaconda.org/conda-forge/noarch/h2-4.2.0-pyhd8ed1ab_0.conda
  sha256: 0aa1cdc67a9fe75ea95b5644b734a756200d6ec9d0dff66530aec3d1c1e9df75
  md5: b4754fb1bdcb70c8fd54f918301582c6
  depends:
  - hpack >=4.1,<5
  - hyperframe >=6.1,<7
  - python >=3.9
  license: MIT
  license_family: MIT
  purls:
  - pkg:pypi/h2?source=hash-mapping
  size: 53888
  timestamp: 1738578623567
- conda: https://conda.anaconda.org/conda-forge/noarch/hpack-4.1.0-pyhd8ed1ab_0.conda
  sha256: 6ad78a180576c706aabeb5b4c8ceb97c0cb25f1e112d76495bff23e3779948ba
  md5: 0a802cb9888dd14eeefc611f05c40b6e
  depends:
  - python >=3.9
  license: MIT
  license_family: MIT
  purls:
  - pkg:pypi/hpack?source=hash-mapping
  size: 30731
  timestamp: 1737618390337
- conda: https://conda.anaconda.org/conda-forge/noarch/hyperframe-6.1.0-pyhd8ed1ab_0.conda
  sha256: 77af6f5fe8b62ca07d09ac60127a30d9069fdc3c68d6b256754d0ffb1f7779f8
  md5: 8e6923fc12f1fe8f8c4e5c9f343256ac
  depends:
  - python >=3.9
  license: MIT
  license_family: MIT
  purls:
  - pkg:pypi/hyperframe?source=hash-mapping
  size: 17397
  timestamp: 1737618427549
- conda: https://conda.anaconda.org/conda-forge/noarch/idna-3.10-pyhd8ed1ab_1.conda
  sha256: d7a472c9fd479e2e8dcb83fb8d433fce971ea369d704ece380e876f9c3494e87
  md5: 39a4f67be3286c86d696df570b1201b7
  depends:
  - python >=3.9
  license: BSD-3-Clause
  license_family: BSD
  purls:
  - pkg:pypi/idna?source=hash-mapping
  size: 49765
  timestamp: 1733211921194
- conda: https://conda.anaconda.org/conda-forge/noarch/jinja2-3.1.6-pyhd8ed1ab_0.conda
  sha256: f1ac18b11637ddadc05642e8185a851c7fab5998c6f5470d716812fae943b2af
  md5: 446bd6c8cb26050d528881df495ce646
  depends:
  - markupsafe >=2.0
  - python >=3.9
  license: BSD-3-Clause
  license_family: BSD
  purls:
  - pkg:pypi/jinja2?source=hash-mapping
  size: 112714
  timestamp: 1741263433881
- conda: https://conda.anaconda.org/conda-forge/linux-64/ld_impl_linux-64-2.44-h1423503_1.conda
  sha256: 1a620f27d79217c1295049ba214c2f80372062fd251b569e9873d4a953d27554
  md5: 0be7c6e070c19105f966d3758448d018
  depends:
  - __glibc >=2.17,<3.0.a0
  constrains:
  - binutils_impl_linux-64 2.44
  license: GPL-3.0-only
  license_family: GPL
  purls: []
  size: 676044
  timestamp: 1752032747103
- conda: https://conda.anaconda.org/conda-forge/linux-64/libblas-3.9.0-32_h59b9bed_openblas.conda
  build_number: 32
  sha256: 1540bf739feb446ff71163923e7f044e867d163c50b605c8b421c55ff39aa338
  md5: 2af9f3d5c2e39f417ce040f5a35c40c6
  depends:
  - libopenblas >=0.3.30,<0.3.31.0a0
  - libopenblas >=0.3.30,<1.0a0
  constrains:
  - libcblas   3.9.0   32*_openblas
  - mkl <2025
  - liblapacke 3.9.0   32*_openblas
  - blas 2.132   openblas
  - liblapack  3.9.0   32*_openblas
  license: BSD-3-Clause
  license_family: BSD
  purls: []
  size: 17330
  timestamp: 1750388798074
- conda: https://conda.anaconda.org/conda-forge/linux-64/libcblas-3.9.0-32_he106b2a_openblas.conda
  build_number: 32
  sha256: 92a001fc181e6abe4f4a672b81d9413ca2f22609f8a95327dfcc6eee593ffeb9
  md5: 3d3f9355e52f269cd8bc2c440d8a5263
  depends:
  - libblas 3.9.0 32_h59b9bed_openblas
  constrains:
  - blas 2.132   openblas
  - liblapack  3.9.0   32*_openblas
  - liblapacke 3.9.0   32*_openblas
  license: BSD-3-Clause
  license_family: BSD
  purls: []
  size: 17308
  timestamp: 1750388809353
- conda: https://conda.anaconda.org/conda-forge/linux-64/libexpat-2.7.1-hecca717_0.conda
  sha256: da2080da8f0288b95dd86765c801c6e166c4619b910b11f9a8446fb852438dc2
  md5: 4211416ecba1866fab0c6470986c22d6
  depends:
  - __glibc >=2.17,<3.0.a0
  - libgcc >=14
  constrains:
  - expat 2.7.1.*
  license: MIT
  license_family: MIT
  purls: []
  size: 74811
  timestamp: 1752719572741
- conda: https://conda.anaconda.org/conda-forge/linux-64/libffi-3.4.6-h2dba641_1.conda
  sha256: 764432d32db45466e87f10621db5b74363a9f847d2b8b1f9743746cd160f06ab
  md5: ede4673863426c0883c0063d853bbd85
  depends:
  - __glibc >=2.17,<3.0.a0
  - libgcc >=13
  license: MIT
  license_family: MIT
  purls: []
  size: 57433
  timestamp: 1743434498161
- conda: https://conda.anaconda.org/conda-forge/linux-64/libgcc-15.1.0-h767d61c_4.conda
  sha256: 144e35c1c2840f2dc202f6915fc41879c19eddbb8fa524e3ca4aa0d14018b26f
  md5: f406dcbb2e7bef90d793e50e79a2882b
  depends:
  - __glibc >=2.17,<3.0.a0
  - _openmp_mutex >=4.5
  constrains:
  - libgcc-ng ==15.1.0=*_4
  - libgomp 15.1.0 h767d61c_4
  license: GPL-3.0-only WITH GCC-exception-3.1
  license_family: GPL
  purls: []
  size: 824153
  timestamp: 1753903866511
- conda: https://conda.anaconda.org/conda-forge/linux-64/libgcc-ng-15.1.0-h69a702a_4.conda
  sha256: 76ceac93ed98f208363d6e9c75011b0ff7b97b20f003f06461a619557e726637
  md5: 28771437ffcd9f3417c66012dc49a3be
  depends:
  - libgcc 15.1.0 h767d61c_4
  license: GPL-3.0-only WITH GCC-exception-3.1
  license_family: GPL
  purls: []
  size: 29249
  timestamp: 1753903872571
- conda: https://conda.anaconda.org/conda-forge/linux-64/libgfortran-15.1.0-h69a702a_4.conda
  sha256: 2fe41683928eb3c57066a60ec441e605a69ce703fc933d6d5167debfeba8a144
  md5: 53e876bc2d2648319e94c33c57b9ec74
  depends:
  - libgfortran5 15.1.0 hcea5267_4
  constrains:
  - libgfortran-ng ==15.1.0=*_4
  license: GPL-3.0-only WITH GCC-exception-3.1
  license_family: GPL
  purls: []
  size: 29246
  timestamp: 1753903898593
- conda: https://conda.anaconda.org/conda-forge/linux-64/libgfortran5-15.1.0-hcea5267_4.conda
  sha256: 3070e5e2681f7f2fb7af0a81b92213f9ab430838900da8b4f9b8cf998ddbdd84
  md5: 8a4ab7ff06e4db0be22485332666da0f
  depends:
  - __glibc >=2.17,<3.0.a0
  - libgcc >=15.1.0
  constrains:
  - libgfortran 15.1.0
  license: GPL-3.0-only WITH GCC-exception-3.1
  license_family: GPL
  purls: []
  size: 1564595
  timestamp: 1753903882088
- conda: https://conda.anaconda.org/conda-forge/linux-64/libgomp-15.1.0-h767d61c_4.conda
  sha256: e0487a8fec78802ac04da0ac1139c3510992bc58a58cde66619dde3b363c2933
  md5: 3baf8976c96134738bba224e9ef6b1e5
  depends:
  - __glibc >=2.17,<3.0.a0
  license: GPL-3.0-only WITH GCC-exception-3.1
  license_family: GPL
  purls: []
  size: 447289
  timestamp: 1753903801049
- conda: https://conda.anaconda.org/conda-forge/linux-64/liblapack-3.9.0-32_h7ac8fdf_openblas.conda
  build_number: 32
  sha256: 5b55a30ed1b3f8195dad9020fe1c6d0f514829bfaaf0cf5e393e93682af009f2
  md5: 6c3f04ccb6c578138e9f9899da0bd714
  depends:
  - libblas 3.9.0 32_h59b9bed_openblas
  constrains:
  - libcblas   3.9.0   32*_openblas
  - blas 2.132   openblas
  - liblapacke 3.9.0   32*_openblas
  license: BSD-3-Clause
  license_family: BSD
  purls: []
  size: 17316
  timestamp: 1750388820745
- conda: https://conda.anaconda.org/conda-forge/linux-64/liblzma-5.8.1-hb9d3cd8_2.conda
  sha256: f2591c0069447bbe28d4d696b7fcb0c5bd0b4ac582769b89addbcf26fb3430d8
  md5: 1a580f7796c7bf6393fddb8bbbde58dc
  depends:
  - __glibc >=2.17,<3.0.a0
  - libgcc >=13
  constrains:
  - xz 5.8.1.*
  license: 0BSD
  purls: []
  size: 112894
  timestamp: 1749230047870
- conda: https://conda.anaconda.org/conda-forge/linux-64/libmpdec-4.0.0-hb9d3cd8_0.conda
  sha256: 3aa92d4074d4063f2a162cd8ecb45dccac93e543e565c01a787e16a43501f7ee
  md5: c7e925f37e3b40d893459e625f6a53f1
  depends:
  - __glibc >=2.17,<3.0.a0
  - libgcc >=13
  license: BSD-2-Clause
  license_family: BSD
  purls: []
  size: 91183
  timestamp: 1748393666725
- conda: https://conda.anaconda.org/conda-forge/linux-64/libopenblas-0.3.30-pthreads_h94d23a6_1.conda
  sha256: 3f3fc30fe340bc7f8f46fea6a896da52663b4d95caed1f144e8ea114b4bb6b61
  md5: 7e2ba4ca7e6ffebb7f7fc2da2744df61
  depends:
  - __glibc >=2.17,<3.0.a0
  - libgcc >=14
  - libgfortran
  - libgfortran5 >=14.3.0
  constrains:
  - openblas >=0.3.30,<0.3.31.0a0
  license: BSD-3-Clause
  license_family: BSD
  purls: []
  size: 5918161
  timestamp: 1753405234435
- conda: https://conda.anaconda.org/conda-forge/linux-64/libsqlite-3.50.4-h0c1763c_0.conda
  sha256: 6d9c32fc369af5a84875725f7ddfbfc2ace795c28f246dc70055a79f9b2003da
  md5: 0b367fad34931cb79e0d6b7e5c06bb1c
  depends:
  - __glibc >=2.17,<3.0.a0
  - libgcc >=14
  - libzlib >=1.3.1,<2.0a0
  license: blessing
  purls: []
  size: 932581
  timestamp: 1753948484112
- conda: https://conda.anaconda.org/conda-forge/linux-64/libstdcxx-15.1.0-h8f9b012_4.conda
  sha256: b5b239e5fca53ff90669af1686c86282c970dd8204ebf477cf679872eb6d48ac
  md5: 3c376af8888c386b9d3d1c2701e2f3ab
  depends:
  - __glibc >=2.17,<3.0.a0
  - libgcc 15.1.0 h767d61c_4
  license: GPL-3.0-only WITH GCC-exception-3.1
  license_family: GPL
  purls: []
  size: 3903453
  timestamp: 1753903894186
- conda: https://conda.anaconda.org/conda-forge/linux-64/libuuid-2.38.1-h0b41bf4_0.conda
  sha256: 787eb542f055a2b3de553614b25f09eefb0a0931b0c87dbcce6efdfd92f04f18
  md5: 40b61aab5c7ba9ff276c41cfffe6b80b
  depends:
  - libgcc-ng >=12
  license: BSD-3-Clause
  license_family: BSD
  purls: []
  size: 33601
  timestamp: 1680112270483
- conda: https://conda.anaconda.org/conda-forge/linux-64/libzlib-1.3.1-hb9d3cd8_2.conda
  sha256: d4bfe88d7cb447768e31650f06257995601f89076080e76df55e3112d4e47dc4
  md5: edb0dca6bc32e4f4789199455a1dbeb8
  depends:
  - __glibc >=2.17,<3.0.a0
  - libgcc >=13
  constrains:
  - zlib 1.3.1 *_2
  license: Zlib
  license_family: Other
  purls: []
  size: 60963
  timestamp: 1727963148474
- conda: https://conda.anaconda.org/conda-forge/linux-64/markupsafe-3.0.2-py313h8060acc_1.conda
  sha256: d812caf52efcea7c9fd0eafb21d45dadfd0516812f667b928bee50e87634fae5
  md5: 21b62c55924f01b6eef6827167b46acb
  depends:
  - __glibc >=2.17,<3.0.a0
  - libgcc >=13
  - python >=3.13,<3.14.0a0
  - python_abi 3.13.* *_cp313
  constrains:
  - jinja2 >=3.0.0
  license: BSD-3-Clause
  license_family: BSD
  purls:
  - pkg:pypi/markupsafe?source=hash-mapping
  size: 24856
  timestamp: 1733219782830
- conda: https://conda.anaconda.org/conda-forge/linux-64/ncurses-6.5-h2d0b736_3.conda
  sha256: 3fde293232fa3fca98635e1167de6b7c7fda83caf24b9d6c91ec9eefb4f4d586
  md5: 47e340acb35de30501a76c7c799c41d7
  depends:
  - __glibc >=2.17,<3.0.a0
  - libgcc >=13
  license: X11 AND BSD-3-Clause
  purls: []
  size: 891641
  timestamp: 1738195959188
- pypi: https://files.pythonhosted.org/packages/eb/8d/776adee7bbf76365fdd7f2552710282c79a4ead5d2a46408c9043a2b70ba/networkx-3.5-py3-none-any.whl
  name: networkx
  version: '3.5'
  sha256: 0030d386a9a06dee3565298b4a734b68589749a544acbb6c412dc9e2489ec6ec
  requires_dist:
  - numpy>=1.25 ; extra == 'default'
  - scipy>=1.11.2 ; extra == 'default'
  - matplotlib>=3.8 ; extra == 'default'
  - pandas>=2.0 ; extra == 'default'
  - pre-commit>=4.1 ; extra == 'developer'
  - mypy>=1.15 ; extra == 'developer'
  - sphinx>=8.0 ; extra == 'doc'
  - pydata-sphinx-theme>=0.16 ; extra == 'doc'
  - sphinx-gallery>=0.18 ; extra == 'doc'
  - numpydoc>=1.8.0 ; extra == 'doc'
  - pillow>=10 ; extra == 'doc'
  - texext>=0.6.7 ; extra == 'doc'
  - myst-nb>=1.1 ; extra == 'doc'
  - intersphinx-registry ; extra == 'doc'
  - osmnx>=2.0.0 ; extra == 'example'
  - momepy>=0.7.2 ; extra == 'example'
  - contextily>=1.6 ; extra == 'example'
  - seaborn>=0.13 ; extra == 'example'
  - cairocffi>=1.7 ; extra == 'example'
  - igraph>=0.11 ; extra == 'example'
  - scikit-learn>=1.5 ; extra == 'example'
  - lxml>=4.6 ; extra == 'extra'
  - pygraphviz>=1.14 ; extra == 'extra'
  - pydot>=3.0.1 ; extra == 'extra'
  - sympy>=1.10 ; extra == 'extra'
  - pytest>=7.2 ; extra == 'test'
  - pytest-cov>=4.0 ; extra == 'test'
  - pytest-xdist>=3.0 ; extra == 'test'
  - pytest-mpl ; extra == 'test-extras'
  - pytest-randomly ; extra == 'test-extras'
  requires_python: '>=3.11'
- pypi: https://files.pythonhosted.org/packages/08/db/b420983dc78d6cf169be81ac5ba73b868c45c50fe746a3242da99bcef4a2/neuprint_python-0.5.1-py2.py3-none-any.whl
  name: neuprint-python
  version: 0.5.1
  sha256: 2c4a319f9abc3bb45b3f82d24098b2b8eed3f64953ed58468bed5d23a9aa71e5
  requires_dist:
  - requests>=2.22
  - pandas
  - tqdm
  - ujson
  - asciitree
  - scipy
  - networkx
  requires_python: '>=3.9'
- conda: https://conda.anaconda.org/conda-forge/linux-64/numpy-2.3.2-py313hf6604e3_0.conda
  sha256: 4bb3beafb59f0e29e2e63028109e2cbbf9d10680be76192da2cea342d8892152
  md5: 34da5460bdcd8a5d360ef46cae9f626d
  depends:
  - python
  - libgcc >=14
  - libstdcxx >=14
  - libgcc >=14
  - __glibc >=2.17,<3.0.a0
  - libblas >=3.9.0,<4.0a0
  - libcblas >=3.9.0,<4.0a0
  - liblapack >=3.9.0,<4.0a0
  - python_abi 3.13.* *_cp313
  constrains:
  - numpy-base <0a0
  license: BSD-3-Clause
  license_family: BSD
  purls:
  - pkg:pypi/numpy?source=hash-mapping
  size: 8889862
  timestamp: 1753401532585
- conda: https://conda.anaconda.org/conda-forge/linux-64/openssl-3.5.1-h7b32b05_0.conda
  sha256: 942347492164190559e995930adcdf84e2fea05307ec8012c02a505f5be87462
  md5: c87df2ab1448ba69169652ab9547082d
  depends:
  - __glibc >=2.17,<3.0.a0
  - ca-certificates
  - libgcc >=13
  license: Apache-2.0
  license_family: Apache
  purls: []
  size: 3131002
  timestamp: 1751390382076
- conda: https://conda.anaconda.org/conda-forge/linux-64/pandas-2.3.1-py313h08cd8bf_0.conda
  sha256: e7331b169835d8f22d7fc7dfa16c075de8a2e95245b89623097017a9cb87d623
  md5: 0b23bc9b44d838b88f3ec8ab780113f1
  depends:
  - __glibc >=2.17,<3.0.a0
  - libgcc >=14
  - libstdcxx >=14
  - numpy >=1.22.4
  - numpy >=1.23,<3
  - python >=3.13,<3.14.0a0
  - python-dateutil >=2.8.2
  - python-tzdata >=2022.7
  - python_abi 3.13.* *_cp313
  - pytz >=2020.1
  constrains:
  - psycopg2 >=2.9.6
  - tzdata >=2022.7
  - blosc >=1.21.3
  - numexpr >=2.8.4
  - s3fs >=2022.11.0
  - zstandard >=0.19.0
  - pyxlsb >=1.0.10
  - qtpy >=2.3.0
  - xlrd >=2.0.1
  - numba >=0.56.4
  - matplotlib >=3.6.3
  - fastparquet >=2022.12.0
  - python-calamine >=0.1.7
  - bottleneck >=1.3.6
  - html5lib >=1.1
  - odfpy >=1.4.1
  - pytables >=3.8.0
  - fsspec >=2022.11.0
  - pyreadstat >=1.2.0
  - lxml >=4.9.2
  - sqlalchemy >=2.0.0
  - openpyxl >=3.1.0
  - beautifulsoup4 >=4.11.2
  - tabulate >=0.9.0
  - xlsxwriter >=3.0.5
  - xarray >=2022.12.0
  - gcsfs >=2022.11.0
  - scipy >=1.10.0
  - pandas-gbq >=0.19.0
  - pyarrow >=10.0.1
  - pyqt5 >=5.15.9
  license: BSD-3-Clause
  license_family: BSD
  purls:
  - pkg:pypi/pandas?source=hash-mapping
  size: 15120709
  timestamp: 1752082214786
- conda: https://conda.anaconda.org/conda-forge/noarch/pip-25.2-pyh145f28c_0.conda
  sha256: 20fe420bb29c7e655988fd0b654888e6d7755c1d380f82ca2f1bd2493b95d650
  md5: e7ab34d5a93e0819b62563c78635d937
  depends:
  - python >=3.13.0a0
  license: MIT
  license_family: MIT
  purls:
  - pkg:pypi/pip?source=compressed-mapping
  size: 1179951
  timestamp: 1753925011027
- conda: https://conda.anaconda.org/conda-forge/noarch/pycparser-2.22-pyh29332c3_1.conda
  sha256: 79db7928d13fab2d892592223d7570f5061c192f27b9febd1a418427b719acc6
  md5: 12c566707c80111f9799308d9e265aef
  depends:
  - python >=3.9
  - python
  license: BSD-3-Clause
  license_family: BSD
  purls:
  - pkg:pypi/pycparser?source=hash-mapping
  size: 110100
  timestamp: 1733195786147
- conda: https://conda.anaconda.org/conda-forge/noarch/pysocks-1.7.1-pyha55dd90_7.conda
  sha256: ba3b032fa52709ce0d9fd388f63d330a026754587a2f461117cac9ab73d8d0d8
  md5: 461219d1a5bd61342293efa2c0c90eac
  depends:
  - __unix
  - python >=3.9
  license: BSD-3-Clause
  license_family: BSD
  purls:
  - pkg:pypi/pysocks?source=hash-mapping
  size: 21085
  timestamp: 1733217331982
- conda: https://conda.anaconda.org/conda-forge/linux-64/python-3.13.5-hec9711d_102_cp313.conda
  build_number: 102
  sha256: c2cdcc98ea3cbf78240624e4077e164dc9d5588eefb044b4097c3df54d24d504
  md5: 89e07d92cf50743886f41638d58c4328
  depends:
  - __glibc >=2.17,<3.0.a0
  - bzip2 >=1.0.8,<2.0a0
  - ld_impl_linux-64 >=2.36.1
  - libexpat >=2.7.0,<3.0a0
  - libffi >=3.4.6,<3.5.0a0
  - libgcc >=13
  - liblzma >=5.8.1,<6.0a0
  - libmpdec >=4.0.0,<5.0a0
  - libsqlite >=3.50.1,<4.0a0
  - libuuid >=2.38.1,<3.0a0
  - libzlib >=1.3.1,<2.0a0
  - ncurses >=6.5,<7.0a0
  - openssl >=3.5.0,<4.0a0
  - python_abi 3.13.* *_cp313
  - readline >=8.2,<9.0a0
  - tk >=8.6.13,<8.7.0a0
  - tzdata
  license: Python-2.0
  purls: []
  size: 33273132
  timestamp: 1750064035176
  python_site_packages_path: lib/python3.13/site-packages
- conda: https://conda.anaconda.org/conda-forge/noarch/python-dateutil-2.9.0.post0-pyhe01879c_2.conda
  sha256: d6a17ece93bbd5139e02d2bd7dbfa80bee1a4261dced63f65f679121686bf664
  md5: 5b8d21249ff20967101ffa321cab24e8
  depends:
  - python >=3.9
  - six >=1.5
  - python
  license: Apache-2.0
  license_family: APACHE
  purls:
  - pkg:pypi/python-dateutil?source=hash-mapping
  size: 233310
  timestamp: 1751104122689
- conda: https://conda.anaconda.org/conda-forge/noarch/python-dotenv-1.1.1-pyhe01879c_0.conda
  sha256: 9a90570085bedf4c6514bcd575456652c47918ff3d7b383349e26192a4805cc8
  md5: a245b3c04afa11e2e52a0db91550da7c
  depends:
  - python >=3.9
  - python
  license: BSD-3-Clause
  license_family: BSD
  purls:
  - pkg:pypi/python-dotenv?source=hash-mapping
  size: 26031
  timestamp: 1750789290754
- conda: https://conda.anaconda.org/conda-forge/noarch/python-tzdata-2025.2-pyhd8ed1ab_0.conda
  sha256: e8392a8044d56ad017c08fec2b0eb10ae3d1235ac967d0aab8bd7b41c4a5eaf0
  md5: 88476ae6ebd24f39261e0854ac244f33
  depends:
  - python >=3.9
  license: Apache-2.0
  license_family: APACHE
  purls:
  - pkg:pypi/tzdata?source=hash-mapping
  size: 144160
  timestamp: 1742745254292
- conda: https://conda.anaconda.org/conda-forge/noarch/python_abi-3.13-8_cp313.conda
  build_number: 8
  sha256: 210bffe7b121e651419cb196a2a63687b087497595c9be9d20ebe97dd06060a7
  md5: 94305520c52a4aa3f6c2b1ff6008d9f8
  constrains:
  - python 3.13.* *_cp313
  license: BSD-3-Clause
  license_family: BSD
  purls: []
  size: 7002
  timestamp: 1752805902938
- conda: https://conda.anaconda.org/conda-forge/noarch/pytz-2025.2-pyhd8ed1ab_0.conda
  sha256: 8d2a8bf110cc1fc3df6904091dead158ba3e614d8402a83e51ed3a8aa93cdeb0
  md5: bc8e3267d44011051f2eb14d22fb0960
  depends:
  - python >=3.9
  license: MIT
  license_family: MIT
  purls:
  - pkg:pypi/pytz?source=hash-mapping
  size: 189015
  timestamp: 1742920947249
- conda: https://conda.anaconda.org/conda-forge/linux-64/pyyaml-6.0.2-py313h8060acc_2.conda
  sha256: 6826217690cfe92d6d49cdeedb6d63ab32f51107105d6a459d30052a467037a0
  md5: 50992ba61a8a1f8c2d346168ae1c86df
  depends:
  - __glibc >=2.17,<3.0.a0
  - libgcc >=13
  - python >=3.13,<3.14.0a0
  - python_abi 3.13.* *_cp313
  - yaml >=0.2.5,<0.3.0a0
  license: MIT
  license_family: MIT
  purls:
  - pkg:pypi/pyyaml?source=hash-mapping
  size: 205919
  timestamp: 1737454783637
- pypi: ./
  name: quickpage
  version: 0.1.0
  sha256: eed1a9e3d09dcc73016609eec147aa419340477640e030330b6b3640e4b9d618
  requires_dist:
  - click>=8.0.0
  - jinja2>=3.0.0
  - pyyaml>=6.0
  - requests>=2.28.0
  - pandas>=1.5.0
  - neuprint-python>=0.4.0
  - toml>=0.10.0
  - python-dotenv>=1.0.0
  requires_python: '>=3.11'
  editable: true
- conda: https://conda.anaconda.org/conda-forge/linux-64/readline-8.2-h8c095d6_2.conda
  sha256: 2d6d0c026902561ed77cd646b5021aef2d4db22e57a5b0178dfc669231e06d2c
  md5: 283b96675859b20a825f8fa30f311446
  depends:
  - libgcc >=13
  - ncurses >=6.5,<7.0a0
  license: GPL-3.0-only
  license_family: GPL
  purls: []
  size: 282480
  timestamp: 1740379431762
- conda: https://conda.anaconda.org/conda-forge/noarch/requests-2.32.4-pyhd8ed1ab_0.conda
  sha256: 9866aaf7a13c6cfbe665ec7b330647a0fb10a81e6f9b8fee33642232a1920e18
  md5: f6082eae112814f1447b56a5e1f6ed05
  depends:
  - certifi >=2017.4.17
  - charset-normalizer >=2,<4
  - idna >=2.5,<4
  - python >=3.9
  - urllib3 >=1.21.1,<3
  constrains:
  - chardet >=3.0.2,<6
  license: Apache-2.0
  license_family: APACHE
  purls:
  - pkg:pypi/requests?source=hash-mapping
  size: 59407
  timestamp: 1749498221996
- pypi: https://files.pythonhosted.org/packages/e4/82/08e4076df538fb56caa1d489588d880ec7c52d8273a606bb54d660528f7c/scipy-1.16.1-cp313-cp313-manylinux2014_x86_64.manylinux_2_17_x86_64.whl
  name: scipy
  version: 1.16.1
  sha256: fedc2cbd1baed37474b1924c331b97bdff611d762c196fac1a9b71e67b813b1b
  requires_dist:
  - numpy>=1.25.2,<2.6
  - pytest ; extra == 'test'
  - pytest-cov ; extra == 'test'
  - pytest-timeout ; extra == 'test'
  - pytest-xdist ; extra == 'test'
  - asv ; extra == 'test'
  - mpmath ; extra == 'test'
  - gmpy2 ; extra == 'test'
  - threadpoolctl ; extra == 'test'
  - scikit-umfpack ; extra == 'test'
  - pooch ; extra == 'test'
  - hypothesis>=6.30 ; extra == 'test'
  - array-api-strict>=2.3.1 ; extra == 'test'
  - cython ; extra == 'test'
  - meson ; extra == 'test'
  - ninja ; sys_platform != 'emscripten' and extra == 'test'
  - sphinx>=5.0.0,<8.2.0 ; extra == 'doc'
  - intersphinx-registry ; extra == 'doc'
  - pydata-sphinx-theme>=0.15.2 ; extra == 'doc'
  - sphinx-copybutton ; extra == 'doc'
  - sphinx-design>=0.4.0 ; extra == 'doc'
  - matplotlib>=3.5 ; extra == 'doc'
  - numpydoc ; extra == 'doc'
  - jupytext ; extra == 'doc'
  - myst-nb>=1.2.0 ; extra == 'doc'
  - pooch ; extra == 'doc'
  - jupyterlite-sphinx>=0.19.1 ; extra == 'doc'
  - jupyterlite-pyodide-kernel ; extra == 'doc'
  - linkify-it-py ; extra == 'doc'
  - mypy==1.10.0 ; extra == 'dev'
  - typing-extensions ; extra == 'dev'
  - types-psutil ; extra == 'dev'
  - pycodestyle ; extra == 'dev'
  - ruff>=0.0.292 ; extra == 'dev'
  - cython-lint>=0.12.2 ; extra == 'dev'
  - rich-click ; extra == 'dev'
  - doit>=0.36.0 ; extra == 'dev'
  - pydevtool ; extra == 'dev'
  requires_python: '>=3.11'
- conda: https://conda.anaconda.org/conda-forge/noarch/six-1.17.0-pyhe01879c_1.conda
  sha256: 458227f759d5e3fcec5d9b7acce54e10c9e1f4f4b7ec978f3bfd54ce4ee9853d
  md5: 3339e3b65d58accf4ca4fb8748ab16b3
  depends:
  - python >=3.9
  - python
  license: MIT
  license_family: MIT
  purls:
  - pkg:pypi/six?source=compressed-mapping
  size: 18455
  timestamp: 1753199211006
- conda: https://conda.anaconda.org/conda-forge/linux-64/tk-8.6.13-noxft_hd72426e_102.conda
  sha256: a84ff687119e6d8752346d1d408d5cf360dee0badd487a472aa8ddedfdc219e1
  md5: a0116df4f4ed05c303811a837d5b39d8
  depends:
  - __glibc >=2.17,<3.0.a0
  - libgcc >=13
  - libzlib >=1.3.1,<2.0a0
  license: TCL
  license_family: BSD
  purls: []
  size: 3285204
  timestamp: 1748387766691
- conda: https://conda.anaconda.org/conda-forge/noarch/toml-0.10.2-pyhd8ed1ab_1.conda
  sha256: 34f3a83384ac3ac30aefd1309e69498d8a4aa0bf2d1f21c645f79b180e378938
  md5: b0dd904de08b7db706167240bf37b164
  depends:
  - python >=3.9
  license: MIT
  license_family: MIT
  purls:
  - pkg:pypi/toml?source=hash-mapping
  size: 22132
  timestamp: 1734091907682
- pypi: https://files.pythonhosted.org/packages/d0/30/dc54f88dd4a2b5dc8a0279bdd7270e735851848b762aeb1c1184ed1f6b14/tqdm-4.67.1-py3-none-any.whl
  name: tqdm
  version: 4.67.1
  sha256: 26445eca388f82e72884e0d580d5464cd801a3ea01e63e5601bdff9ba6a48de2
  requires_dist:
  - colorama ; sys_platform == 'win32'
  - pytest>=6 ; extra == 'dev'
  - pytest-cov ; extra == 'dev'
  - pytest-timeout ; extra == 'dev'
  - pytest-asyncio>=0.24 ; extra == 'dev'
  - nbval ; extra == 'dev'
  - requests ; extra == 'discord'
  - slack-sdk ; extra == 'slack'
  - requests ; extra == 'telegram'
  - ipywidgets>=6 ; extra == 'notebook'
  requires_python: '>=3.7'
- conda: https://conda.anaconda.org/conda-forge/noarch/tzdata-2025b-h78e105d_0.conda
  sha256: 5aaa366385d716557e365f0a4e9c3fca43ba196872abbbe3d56bb610d131e192
  md5: 4222072737ccff51314b5ece9c7d6f5a
  license: LicenseRef-Public-Domain
  purls: []
  size: 122968
  timestamp: 1742727099393
- pypi: https://files.pythonhosted.org/packages/b4/9d/8061934f960cdb6dd55f0b3ceeff207fcc48c64f58b43403777ad5623d9e/ujson-5.10.0-cp313-cp313-manylinux_2_17_x86_64.manylinux2014_x86_64.whl
  name: ujson
  version: 5.10.0
  sha256: d7d0e0ceeb8fe2468c70ec0c37b439dd554e2aa539a8a56365fd761edb418988
  requires_python: '>=3.8'
- conda: https://conda.anaconda.org/conda-forge/noarch/urllib3-2.5.0-pyhd8ed1ab_0.conda
  sha256: 4fb9789154bd666ca74e428d973df81087a697dbb987775bc3198d2215f240f8
  md5: 436c165519e140cb08d246a4472a9d6a
  depends:
  - brotli-python >=1.0.9
  - h2 >=4,<5
  - pysocks >=1.5.6,<2.0,!=1.5.7
  - python >=3.9
  - zstandard >=0.18.0
  license: MIT
  license_family: MIT
  purls:
  - pkg:pypi/urllib3?source=hash-mapping
  size: 101735
  timestamp: 1750271478254
- conda: https://conda.anaconda.org/conda-forge/linux-64/yaml-0.2.5-h280c20c_3.conda
  sha256: 6d9ea2f731e284e9316d95fa61869fe7bbba33df7929f82693c121022810f4ad
  md5: a77f85f77be52ff59391544bfe73390a
  depends:
  - libgcc >=14
  - __glibc >=2.17,<3.0.a0
  license: MIT
  license_family: MIT
  purls: []
  size: 85189
  timestamp: 1753484064210
- conda: https://conda.anaconda.org/conda-forge/linux-64/zstandard-0.23.0-py313h536fd9c_2.conda
  sha256: ea9c542ef78c9e3add38bf1032e8ca5d18703114db353f6fca5c498f923f8ab8
  md5: a026ac7917310da90a98eac2c782723c
  depends:
  - __glibc >=2.17,<3.0.a0
  - cffi >=1.11
  - libgcc >=13
  - python >=3.13,<3.14.0a0
  - python_abi 3.13.* *_cp313
  license: BSD-3-Clause
  license_family: BSD
  purls:
  - pkg:pypi/zstandard?source=hash-mapping
  size: 736909
  timestamp: 1745869790689
